
Microsoft Visual Studio Solution File, Format Version 12.00
# Visual Studio 15
VisualStudioVersion = 15.0.28010.2048
MinimumVisualStudioVersion = 10.0.40219.1
Project("{FAE04EC0-301F-11D3-BF4B-00C04F79EFBC}") = "Alias", "Alias\Alias.csproj", "{76A2068D-82C9-4909-902F-F93D09C52A03}"
EndProject
Global
	GlobalSection(SolutionConfigurationPlatforms) = preSolution
		Debug|Any CPU = Debug|Any CPU
		Release|Any CPU = Release|Any CPU
	EndGlobalSection
	GlobalSection(ProjectConfigurationPlatforms) = postSolution
		{76A2068D-82C9-4909-902F-F93D09C52A03}.Debug|Any CPU.ActiveCfg = Debug|Any CPU
		{76A2068D-82C9-4909-902F-F93D09C52A03}.Debug|Any CPU.Build.0 = Debug|Any CPU
		{76A2068D-82C9-4909-902F-F93D09C52A03}.Release|Any CPU.ActiveCfg = Release|Any CPU
		{76A2068D-82C9-4909-902F-F93D09C52A03}.Release|Any CPU.Build.0 = Release|Any CPU
	EndGlobalSection
	GlobalSection(SolutionProperties) = preSolution
		HideSolutionNode = FALSE
	EndGlobalSection
	GlobalSection(ExtensibilityGlobals) = postSolution
		SolutionGuid = {DECEEE38-9631-4CFF-931F-C30B0E957D3A}
	EndGlobalSection
EndGlobal
